// !$*UTF8*$!
{
	archiveVersion = 1;
	classes = {
	};
	objectVersion = 56;
	objects = {

/* Begin PBXBuildFile section */
		9DC04CD12C9DFFDF00610E1A /* TestApplicationCanvaApp.swift in Sources */ = {isa = PBXBuildFile; fileRef = 9DC04CD02C9DFFDF00610E1A /* TestApplicationCanvaApp.swift */; };
		9DC04CD32C9DFFE000610E1A /* ContentView.swift in Sources */ = {isa = PBXBuildFile; fileRef = 9DC04CD22C9DFFE000610E1A /* ContentView.swift */; };
		9DC04CD52C9DFFE200610E1A /* Assets.xcassets in Resources */ = {isa = PBXBuildFile; fileRef = 9DC04CD42C9DFFE200610E1A /* Assets.xcassets */; };
		9DC04CD82C9DFFE200610E1A /* Preview Assets.xcassets in Resources */ = {isa = PBXBuildFile; fileRef = 9DC04CD72C9DFFE200610E1A /* Preview Assets.xcassets */; };
		9DC04CE62C9E056300610E1A /* PhotoEditorView.swift in Sources */ = {isa = PBXBuildFile; fileRef = 9DC04CE52C9E056300610E1A /* PhotoEditorView.swift */; };
		9DC04CE82C9E058800610E1A /* SignIn.swift in Sources */ = {isa = PBXBuildFile; fileRef = 9DC04CE72C9E058800610E1A /* SignIn.swift */; };
		9DC04CEC2C9E130E00610E1A /* PhotoEditorViewModel.swift in Sources */ = {isa = PBXBuildFile; fileRef = 9DC04CEB2C9E130E00610E1A /* PhotoEditorViewModel.swift */; };
		9DC04CF02C9EF5B400610E1A /* AccessCameraView.swift in Sources */ = {isa = PBXBuildFile; fileRef = 9DC04CEF2C9EF5B400610E1A /* AccessCameraView.swift */; };
		9DC04CF22C9EF5C400610E1A /* Coordinator.swift in Sources */ = {isa = PBXBuildFile; fileRef = 9DC04CF12C9EF5C400610E1A /* Coordinator.swift */; };
		9DC04CF52C9F17CF00610E1A /* ViewExt.swift in Sources */ = {isa = PBXBuildFile; fileRef = 9DC04CF42C9F17CF00610E1A /* ViewExt.swift */; };
		9DC04CF82C9F189D00610E1A /* Rotated.swift in Sources */ = {isa = PBXBuildFile; fileRef = 9DC04CF72C9F189D00610E1A /* Rotated.swift */; };
/* End PBXBuildFile section */

/* Begin PBXFileReference section */
		9DC04CCD2C9DFFDF00610E1A /* TestApplicationCanva.app */ = {isa = PBXFileReference; explicitFileType = wrapper.application; includeInIndex = 0; path = TestApplicationCanva.app; sourceTree = BUILT_PRODUCTS_DIR; };
		9DC04CD02C9DFFDF00610E1A /* TestApplicationCanvaApp.swift */ = {isa = PBXFileReference; lastKnownFileType = sourcecode.swift; path = TestApplicationCanvaApp.swift; sourceTree = "<group>"; };
		9DC04CD22C9DFFE000610E1A /* ContentView.swift */ = {isa = PBXFileReference; lastKnownFileType = sourcecode.swift; path = ContentView.swift; sourceTree = "<group>"; };
		9DC04CD42C9DFFE200610E1A /* Assets.xcassets */ = {isa = PBXFileReference; lastKnownFileType = folder.assetcatalog; path = Assets.xcassets; sourceTree = "<group>"; };
		9DC04CD72C9DFFE200610E1A /* Preview Assets.xcassets */ = {isa = PBXFileReference; lastKnownFileType = folder.assetcatalog; path = "Preview Assets.xcassets"; sourceTree = "<group>"; };
		9DC04CE52C9E056300610E1A /* PhotoEditorView.swift */ = {isa = PBXFileReference; lastKnownFileType = sourcecode.swift; path = PhotoEditorView.swift; sourceTree = "<group>"; };
		9DC04CE72C9E058800610E1A /* SignIn.swift */ = {isa = PBXFileReference; lastKnownFileType = sourcecode.swift; path = SignIn.swift; sourceTree = "<group>"; };
		9DC04CEB2C9E130E00610E1A /* PhotoEditorViewModel.swift */ = {isa = PBXFileReference; lastKnownFileType = sourcecode.swift; path = PhotoEditorViewModel.swift; sourceTree = "<group>"; };
		9DC04CED2C9EE56D00610E1A /* Info.plist */ = {isa = PBXFileReference; lastKnownFileType = text.plist.xml; path = Info.plist; sourceTree = "<group>"; };
		9DC04CEF2C9EF5B400610E1A /* AccessCameraView.swift */ = {isa = PBXFileReference; lastKnownFileType = sourcecode.swift; path = AccessCameraView.swift; sourceTree = "<group>"; };
		9DC04CF12C9EF5C400610E1A /* Coordinator.swift */ = {isa = PBXFileReference; lastKnownFileType = sourcecode.swift; path = Coordinator.swift; sourceTree = "<group>"; };
		9DC04CF42C9F17CF00610E1A /* ViewExt.swift */ = {isa = PBXFileReference; lastKnownFileType = sourcecode.swift; path = ViewExt.swift; sourceTree = "<group>"; };
		9DC04CF72C9F189D00610E1A /* Rotated.swift */ = {isa = PBXFileReference; lastKnownFileType = sourcecode.swift; path = Rotated.swift; sourceTree = "<group>"; };
/* End PBXFileReference section */

/* Begin PBXFrameworksBuildPhase section */
		9DC04CCA2C9DFFDF00610E1A /* Frameworks */ = {
			isa = PBXFrameworksBuildPhase;
			buildActionMask = 2147483647;
			files = (
			);
			runOnlyForDeploymentPostprocessing = 0;
		};
/* End PBXFrameworksBuildPhase section */

/* Begin PBXGroup section */
		9DC04CC42C9DFFDF00610E1A = {
			isa = PBXGroup;
			children = (
				9DC04CCF2C9DFFDF00610E1A /* TestApplicationCanva */,
				9DC04CCE2C9DFFDF00610E1A /* Products */,
			);
			sourceTree = "<group>";
		};
		9DC04CCE2C9DFFDF00610E1A /* Products */ = {
			isa = PBXGroup;
			children = (
				9DC04CCD2C9DFFDF00610E1A /* TestApplicationCanva.app */,
			);
			name = Products;
			sourceTree = "<group>";
		};
		9DC04CCF2C9DFFDF00610E1A /* TestApplicationCanva */ = {
			isa = PBXGroup;
			children = (
				9DC04CE02C9E020000610E1A /* Application */,
				9DC04CDF2C9E01F200610E1A /* Presentation */,
				9DC04CE22C9E023000610E1A /* Data */,
				9DC04CE12C9E022500610E1A /* Domain */,
				9DC04CDE2C9E01D700610E1A /* Resources */,
				9DC04CED2C9EE56D00610E1A /* Info.plist */,
			);
			path = TestApplicationCanva;
			sourceTree = "<group>";
		};
		9DC04CD62C9DFFE200610E1A /* Preview Content */ = {
			isa = PBXGroup;
			children = (
				9DC04CD72C9DFFE200610E1A /* Preview Assets.xcassets */,
			);
			path = "Preview Content";
			sourceTree = "<group>";
		};
		9DC04CDE2C9E01D700610E1A /* Resources */ = {
			isa = PBXGroup;
			children = (
				9DC04CD42C9DFFE200610E1A /* Assets.xcassets */,
				9DC04CD62C9DFFE200610E1A /* Preview Content */,
			);
			path = Resources;
			sourceTree = "<group>";
		};
		9DC04CDF2C9E01F200610E1A /* Presentation */ = {
			isa = PBXGroup;
			children = (
				9DC04CD22C9DFFE000610E1A /* ContentView.swift */,
				9DC04CE32C9E028B00610E1A /* Authentication */,
				9DC04CE42C9E053300610E1A /* PhotoEditor */,
				9DC04CF62C9F188A00610E1A /* Common */,
				9DC04CF32C9F178200610E1A /* UIExtensions */,
			);
			path = Presentation;
			sourceTree = "<group>";
		};
		9DC04CE02C9E020000610E1A /* Application */ = {
			isa = PBXGroup;
			children = (
				9DC04CD02C9DFFDF00610E1A /* TestApplicationCanvaApp.swift */,
			);
			path = Application;
			sourceTree = "<group>";
		};
		9DC04CE12C9E022500610E1A /* Domain */ = {
			isa = PBXGroup;
			children = (
			);
			path = Domain;
			sourceTree = "<group>";
		};
		9DC04CE22C9E023000610E1A /* Data */ = {
			isa = PBXGroup;
			children = (
			);
			path = Data;
			sourceTree = "<group>";
		};
		9DC04CE32C9E028B00610E1A /* Authentication */ = {
			isa = PBXGroup;
			children = (
				9DC04CE72C9E058800610E1A /* SignIn.swift */,
			);
			path = Authentication;
			sourceTree = "<group>";
		};
		9DC04CE42C9E053300610E1A /* PhotoEditor */ = {
			isa = PBXGroup;
			children = (
				9DC04CEE2C9EF59A00610E1A /* AccessCamera */,
				9DC04CE52C9E056300610E1A /* PhotoEditorView.swift */,
				9DC04CEB2C9E130E00610E1A /* PhotoEditorViewModel.swift */,
			);
			path = PhotoEditor;
			sourceTree = "<group>";
		};
		9DC04CEE2C9EF59A00610E1A /* AccessCamera */ = {
			isa = PBXGroup;
			children = (
				9DC04CEF2C9EF5B400610E1A /* AccessCameraView.swift */,
				9DC04CF12C9EF5C400610E1A /* Coordinator.swift */,
			);
			path = AccessCamera;
			sourceTree = "<group>";
		};
		9DC04CF32C9F178200610E1A /* UIExtensions */ = {
			isa = PBXGroup;
			children = (
				9DC04CF42C9F17CF00610E1A /* ViewExt.swift */,
			);
			path = UIExtensions;
			sourceTree = "<group>";
		};
		9DC04CF62C9F188A00610E1A /* Common */ = {
			isa = PBXGroup;
			children = (
				9DC04CF72C9F189D00610E1A /* Rotated.swift */,
			);
			path = Common;
			sourceTree = "<group>";
		};
/* End PBXGroup section */

/* Begin PBXNativeTarget section */
		9DC04CCC2C9DFFDF00610E1A /* TestApplicationCanva */ = {
			isa = PBXNativeTarget;
			buildConfigurationList = 9DC04CDB2C9DFFE200610E1A /* Build configuration list for PBXNativeTarget "TestApplicationCanva" */;
			buildPhases = (
				9DC04CC92C9DFFDF00610E1A /* Sources */,
				9DC04CCA2C9DFFDF00610E1A /* Frameworks */,
				9DC04CCB2C9DFFDF00610E1A /* Resources */,
			);
			buildRules = (
			);
			dependencies = (
			);
			name = TestApplicationCanva;
			productName = TestApplicationCanva;
			productReference = 9DC04CCD2C9DFFDF00610E1A /* TestApplicationCanva.app */;
			productType = "com.apple.product-type.application";
		};
/* End PBXNativeTarget section */

/* Begin PBXProject section */
		9DC04CC52C9DFFDF00610E1A /* Project object */ = {
			isa = PBXProject;
			attributes = {
				BuildIndependentTargetsInParallel = 1;
				LastSwiftUpdateCheck = 1540;
				LastUpgradeCheck = 1540;
				TargetAttributes = {
					9DC04CCC2C9DFFDF00610E1A = {
						CreatedOnToolsVersion = 15.4;
					};
				};
			};
			buildConfigurationList = 9DC04CC82C9DFFDF00610E1A /* Build configuration list for PBXProject "TestApplicationCanva" */;
			compatibilityVersion = "Xcode 14.0";
			developmentRegion = en;
			hasScannedForEncodings = 0;
			knownRegions = (
				en,
				Base,
			);
			mainGroup = 9DC04CC42C9DFFDF00610E1A;
			productRefGroup = 9DC04CCE2C9DFFDF00610E1A /* Products */;
			projectDirPath = "";
			projectRoot = "";
			targets = (
				9DC04CCC2C9DFFDF00610E1A /* TestApplicationCanva */,
			);
		};
/* End PBXProject section */

/* Begin PBXResourcesBuildPhase section */
		9DC04CCB2C9DFFDF00610E1A /* Resources */ = {
			isa = PBXResourcesBuildPhase;
			buildActionMask = 2147483647;
			files = (
				9DC04CD82C9DFFE200610E1A /* Preview Assets.xcassets in Resources */,
				9DC04CD52C9DFFE200610E1A /* Assets.xcassets in Resources */,
			);
			runOnlyForDeploymentPostprocessing = 0;
		};
/* End PBXResourcesBuildPhase section */

/* Begin PBXSourcesBuildPhase section */
		9DC04CC92C9DFFDF00610E1A /* Sources */ = {
			isa = PBXSourcesBuildPhase;
			buildActionMask = 2147483647;
			files = (
				9DC04CEC2C9E130E00610E1A /* PhotoEditorViewModel.swift in Sources */,
				9DC04CE62C9E056300610E1A /* PhotoEditorView.swift in Sources */,
				9DC04CD32C9DFFE000610E1A /* ContentView.swift in Sources */,
				9DC04CF02C9EF5B400610E1A /* AccessCameraView.swift in Sources */,
				9DC04CF52C9F17CF00610E1A /* ViewExt.swift in Sources */,
				9DC04CF82C9F189D00610E1A /* Rotated.swift in Sources */,
				9DC04CD12C9DFFDF00610E1A /* TestApplicationCanvaApp.swift in Sources */,
				9DC04CE82C9E058800610E1A /* SignIn.swift in Sources */,
				9DC04CF22C9EF5C400610E1A /* Coordinator.swift in Sources */,
			);
			runOnlyForDeploymentPostprocessing = 0;
		};
/* End PBXSourcesBuildPhase section */

/* Begin XCBuildConfiguration section */
		9DC04CD92C9DFFE200610E1A /* Debug */ = {
			isa = XCBuildConfiguration;
			buildSettings = {
				ALWAYS_SEARCH_USER_PATHS = NO;
				ASSETCATALOG_COMPILER_GENERATE_SWIFT_ASSET_SYMBOL_EXTENSIONS = YES;
				CLANG_ANALYZER_NONNULL = YES;
				CLANG_ANALYZER_NUMBER_OBJECT_CONVERSION = YES_AGGRESSIVE;
				CLANG_CXX_LANGUAGE_STANDARD = "gnu++20";
				CLANG_ENABLE_MODULES = YES;
				CLANG_ENABLE_OBJC_ARC = YES;
				CLANG_ENABLE_OBJC_WEAK = YES;
				CLANG_WARN_BLOCK_CAPTURE_AUTORELEASING = YES;
				CLANG_WARN_BOOL_CONVERSION = YES;
				CLANG_WARN_COMMA = YES;
				CLANG_WARN_CONSTANT_CONVERSION = YES;
				CLANG_WARN_DEPRECATED_OBJC_IMPLEMENTATIONS = YES;
				CLANG_WARN_DIRECT_OBJC_ISA_USAGE = YES_ERROR;
				CLANG_WARN_DOCUMENTATION_COMMENTS = YES;
				CLANG_WARN_EMPTY_BODY = YES;
				CLANG_WARN_ENUM_CONVERSION = YES;
				CLANG_WARN_INFINITE_RECURSION = YES;
				CLANG_WARN_INT_CONVERSION = YES;
				CLANG_WARN_NON_LITERAL_NULL_CONVERSION = YES;
				CLANG_WARN_OBJC_IMPLICIT_RETAIN_SELF = YES;
				CLANG_WARN_OBJC_LITERAL_CONVERSION = YES;
				CLANG_WARN_OBJC_ROOT_CLASS = YES_ERROR;
				CLANG_WARN_QUOTED_INCLUDE_IN_FRAMEWORK_HEADER = YES;
				CLANG_WARN_RANGE_LOOP_ANALYSIS = YES;
				CLANG_WARN_STRICT_PROTOTYPES = YES;
				CLANG_WARN_SUSPICIOUS_MOVE = YES;
				CLANG_WARN_UNGUARDED_AVAILABILITY = YES_AGGRESSIVE;
				CLANG_WARN_UNREACHABLE_CODE = YES;
				CLANG_WARN__DUPLICATE_METHOD_MATCH = YES;
				COPY_PHASE_STRIP = NO;
				DEBUG_INFORMATION_FORMAT = dwarf;
				ENABLE_STRICT_OBJC_MSGSEND = YES;
				ENABLE_TESTABILITY = YES;
				ENABLE_USER_SCRIPT_SANDBOXING = YES;
				GCC_C_LANGUAGE_STANDARD = gnu17;
				GCC_DYNAMIC_NO_PIC = NO;
				GCC_NO_COMMON_BLOCKS = YES;
				GCC_OPTIMIZATION_LEVEL = 0;
				GCC_PREPROCESSOR_DEFINITIONS = (
					"DEBUG=1",
					"$(inherited)",
				);
				GCC_WARN_64_TO_32_BIT_CONVERSION = YES;
				GCC_WARN_ABOUT_RETURN_TYPE = YES_ERROR;
				GCC_WARN_UNDECLARED_SELECTOR = YES;
				GCC_WARN_UNINITIALIZED_AUTOS = YES_AGGRESSIVE;
				GCC_WARN_UNUSED_FUNCTION = YES;
				GCC_WARN_UNUSED_VARIABLE = YES;
				IPHONEOS_DEPLOYMENT_TARGET = 17.5;
				LOCALIZATION_PREFERS_STRING_CATALOGS = YES;
				MTL_ENABLE_DEBUG_INFO = INCLUDE_SOURCE;
				MTL_FAST_MATH = YES;
				ONLY_ACTIVE_ARCH = YES;
				SDKROOT = iphoneos;
				SWIFT_ACTIVE_COMPILATION_CONDITIONS = "DEBUG $(inherited)";
				SWIFT_OPTIMIZATION_LEVEL = "-Onone";
			};
			name = Debug;
		};
		9DC04CDA2C9DFFE200610E1A /* Release */ = {
			isa = XCBuildConfiguration;
			buildSettings = {
				ALWAYS_SEARCH_USER_PATHS = NO;
				ASSETCATALOG_COMPILER_GENERATE_SWIFT_ASSET_SYMBOL_EXTENSIONS = YES;
				CLANG_ANALYZER_NONNULL = YES;
				CLANG_ANALYZER_NUMBER_OBJECT_CONVERSION = YES_AGGRESSIVE;
				CLANG_CXX_LANGUAGE_STANDARD = "gnu++20";
				CLANG_ENABLE_MODULES = YES;
				CLANG_ENABLE_OBJC_ARC = YES;
				CLANG_ENABLE_OBJC_WEAK = YES;
				CLANG_WARN_BLOCK_CAPTURE_AUTORELEASING = YES;
				CLANG_WARN_BOOL_CONVERSION = YES;
				CLANG_WARN_COMMA = YES;
				CLANG_WARN_CONSTANT_CONVERSION = YES;
				CLANG_WARN_DEPRECATED_OBJC_IMPLEMENTATIONS = YES;
				CLANG_WARN_DIRECT_OBJC_ISA_USAGE = YES_ERROR;
				CLANG_WARN_DOCUMENTATION_COMMENTS = YES;
				CLANG_WARN_EMPTY_BODY = YES;
				CLANG_WARN_ENUM_CONVERSION = YES;
				CLANG_WARN_INFINITE_RECURSION = YES;
				CLANG_WARN_INT_CONVERSION = YES;
				CLANG_WARN_NON_LITERAL_NULL_CONVERSION = YES;
				CLANG_WARN_OBJC_IMPLICIT_RETAIN_SELF = YES;
				CLANG_WARN_OBJC_LITERAL_CONVERSION = YES;
				CLANG_WARN_OBJC_ROOT_CLASS = YES_ERROR;
				CLANG_WARN_QUOTED_INCLUDE_IN_FRAMEWORK_HEADER = YES;
				CLANG_WARN_RANGE_LOOP_ANALYSIS = YES;
				CLANG_WARN_STRICT_PROTOTYPES = YES;
				CLANG_WARN_SUSPICIOUS_MOVE = YES;
				CLANG_WARN_UNGUARDED_AVAILABILITY = YES_AGGRESSIVE;
				CLANG_WARN_UNREACHABLE_CODE = YES;
				CLANG_WARN__DUPLICATE_METHOD_MATCH = YES;
				COPY_PHASE_STRIP = NO;
				DEBUG_INFORMATION_FORMAT = "dwarf-with-dsym";
				ENABLE_NS_ASSERTIONS = NO;
				ENABLE_STRICT_OBJC_MSGSEND = YES;
				ENABLE_USER_SCRIPT_SANDBOXING = YES;
				GCC_C_LANGUAGE_STANDARD = gnu17;
				GCC_NO_COMMON_BLOCKS = YES;
				GCC_WARN_64_TO_32_BIT_CONVERSION = YES;
				GCC_WARN_ABOUT_RETURN_TYPE = YES_ERROR;
				GCC_WARN_UNDECLARED_SELECTOR = YES;
				GCC_WARN_UNINITIALIZED_AUTOS = YES_AGGRESSIVE;
				GCC_WARN_UNUSED_FUNCTION = YES;
				GCC_WARN_UNUSED_VARIABLE = YES;
				IPHONEOS_DEPLOYMENT_TARGET = 17.5;
				LOCALIZATION_PREFERS_STRING_CATALOGS = YES;
				MTL_ENABLE_DEBUG_INFO = NO;
				MTL_FAST_MATH = YES;
				SDKROOT = iphoneos;
				SWIFT_COMPILATION_MODE = wholemodule;
				VALIDATE_PRODUCT = YES;
			};
			name = Release;
		};
		9DC04CDC2C9DFFE200610E1A /* Debug */ = {
			isa = XCBuildConfiguration;
			buildSettings = {
				ASSETCATALOG_COMPILER_APPICON_NAME = AppIcon;
				ASSETCATALOG_COMPILER_GLOBAL_ACCENT_COLOR_NAME = AccentColor;
				CODE_SIGN_STYLE = Automatic;
				CURRENT_PROJECT_VERSION = 1;
				DEVELOPMENT_ASSET_PATHS = "\"TestApplicationCanva/Resources/Preview Content\"";
				DEVELOPMENT_TEAM = P2LBNZ3DVN;
				ENABLE_PREVIEWS = YES;
				GENERATE_INFOPLIST_FILE = YES;
				INFOPLIST_FILE = TestApplicationCanva/Info.plist;
				INFOPLIST_KEY_NSCameraUsageDescription = "This app needs to capture image to show in the app.";
				INFOPLIST_KEY_UIApplicationSceneManifest_Generation = YES;
				INFOPLIST_KEY_UIApplicationSupportsIndirectInputEvents = YES;
				INFOPLIST_KEY_UILaunchScreen_Generation = YES;
				INFOPLIST_KEY_UISupportedInterfaceOrientations_iPad = "UIInterfaceOrientationPortrait UIInterfaceOrientationPortraitUpsideDown UIInterfaceOrientationLandscapeLeft UIInterfaceOrientationLandscapeRight";
				INFOPLIST_KEY_UISupportedInterfaceOrientations_iPhone = "UIInterfaceOrientationPortrait UIInterfaceOrientationLandscapeLeft UIInterfaceOrientationLandscapeRight";
				LD_RUNPATH_SEARCH_PATHS = (
					"$(inherited)",
					"@executable_path/Frameworks",
				);
				MARKETING_VERSION = 1.0;
				PRODUCT_BUNDLE_IDENTIFIER = "Banin-Andrey.TestApplicationCanva";
				PRODUCT_NAME = "$(TARGET_NAME)";
				SWIFT_EMIT_LOC_STRINGS = YES;
				SWIFT_VERSION = 5.0;
				TARGETED_DEVICE_FAMILY = "1,2";
			};
			name = Debug;
		};
		9DC04CDD2C9DFFE200610E1A /* Release */ = {
			isa = XCBuildConfiguration;
			buildSettings = {
				ASSETCATALOG_COMPILER_APPICON_NAME = AppIcon;
				ASSETCATALOG_COMPILER_GLOBAL_ACCENT_COLOR_NAME = AccentColor;
				CODE_SIGN_STYLE = Automatic;
				CURRENT_PROJECT_VERSION = 1;
				DEVELOPMENT_ASSET_PATHS = "\"TestApplicationCanva/Resources/Preview Content\"";
				DEVELOPMENT_TEAM = P2LBNZ3DVN;
				ENABLE_PREVIEWS = YES;
				GENERATE_INFOPLIST_FILE = YES;
				INFOPLIST_FILE = TestApplicationCanva/Info.plist;
				INFOPLIST_KEY_NSCameraUsageDescription = "This app needs to capture image to show in the app.";
				INFOPLIST_KEY_UIApplicationSceneManifest_Generation = YES;
				INFOPLIST_KEY_UIApplicationSupportsIndirectInputEvents = YES;
				INFOPLIST_KEY_UILaunchScreen_Generation = YES;
				INFOPLIST_KEY_UISupportedInterfaceOrientations_iPad = "UIInterfaceOrientationPortrait UIInterfaceOrientationPortraitUpsideDown UIInterfaceOrientationLandscapeLeft UIInterfaceOrientationLandscapeRight";
				INFOPLIST_KEY_UISupportedInterfaceOrientations_iPhone = "UIInterfaceOrientationPortrait UIInterfaceOrientationLandscapeLeft UIInterfaceOrientationLandscapeRight";
				LD_RUNPATH_SEARCH_PATHS = (
					"$(inherited)",
					"@executable_path/Frameworks",
				);
				MARKETING_VERSION = 1.0;
				PRODUCT_BUNDLE_IDENTIFIER = "Banin-Andrey.TestApplicationCanva";
				PRODUCT_NAME = "$(TARGET_NAME)";
				SWIFT_EMIT_LOC_STRINGS = YES;
				SWIFT_VERSION = 5.0;
				TARGETED_DEVICE_FAMILY = "1,2";
			};
			name = Release;
		};
/* End XCBuildConfiguration section */

/* Begin XCConfigurationList section */
		9DC04CC82C9DFFDF00610E1A /* Build configuration list for PBXProject "TestApplicationCanva" */ = {
			isa = XCConfigurationList;
			buildConfigurations = (
				9DC04CD92C9DFFE200610E1A /* Debug */,
				9DC04CDA2C9DFFE200610E1A /* Release */,
			);
			defaultConfigurationIsVisible = 0;
			defaultConfigurationName = Release;
		};
		9DC04CDB2C9DFFE200610E1A /* Build configuration list for PBXNativeTarget "TestApplicationCanva" */ = {
			isa = XCConfigurationList;
			buildConfigurations = (
				9DC04CDC2C9DFFE200610E1A /* Debug */,
				9DC04CDD2C9DFFE200610E1A /* Release */,
			);
			defaultConfigurationIsVisible = 0;
			defaultConfigurationName = Release;
		};
/* End XCConfigurationList section */
	};
	rootObject = 9DC04CC52C9DFFDF00610E1A /* Project object */;
}
